
Microsoft Visual Studio Solution File, Format Version 12.00
Project("{FAE04EC0-301F-11D3-BF4B-00C04F79EFBC}") = "DiscordInviteCounter", "DiscordInviteCounter\DiscordInviteCounter.csproj", "{2FEDBB37-62A9-4A73-B621-7E0ED280ABBD}"
EndProject
Global
	GlobalSection(SolutionConfigurationPlatforms) = preSolution
		Debug|Any CPU = Debug|Any CPU
		Release|Any CPU = Release|Any CPU
	EndGlobalSection
	GlobalSection(ProjectConfigurationPlatforms) = postSolution
		{2FEDBB37-62A9-4A73-B621-7E0ED280ABBD}.Debug|Any CPU.ActiveCfg = Debug|Any CPU
		{2FEDBB37-62A9-4A73-B621-7E0ED280ABBD}.Debug|Any CPU.Build.0 = Debug|Any CPU
		{2FEDBB37-62A9-4A73-B621-7E0ED280ABBD}.Release|Any CPU.ActiveCfg = Release|Any CPU
		{2FEDBB37-62A9-4A73-B621-7E0ED280ABBD}.Release|Any CPU.Build.0 = Release|Any CPU
	EndGlobalSection
EndGlobal
